hash: 15ac934ccc2770c8d6b6ceb5c3c71a8e474e02c76e820be9455137c4146f404d
updated: 2017-06-17T23:25:05.871227728+02:00
imports:
- name: github.com/yhat/scrape
  version: 24b7890b0945459dbf91743e4d2ac5d75a51fee2
- name: golang.org/x/net
  version: f2499483f923065a842d38eb4c7f1927e6fc6e6d
  subpackages:
  - html
  - html/atom
testImports: []
